// !$*UTF8*$!
{
	archiveVersion = 1;
	classes = {
	};
	objectVersion = 55;
	objects = {

/* Begin PBXBuildFile section */
		1EF85C315A4E2A02378BA69B /* Pods_WhatDoYouWant.framework in Frameworks */ = {isa = PBXBuildFile; fileRef = F13CD2EFE66041CCA1DFE528 /* Pods_WhatDoYouWant.framework */; };
		A64705E327FC53050036BC23 /* AppDelegate.swift in Sources */ = {isa = PBXBuildFile; fileRef = A64705E227FC53050036BC23 /* AppDelegate.swift */; };
		A64705E527FC53050036BC23 /* SceneDelegate.swift in Sources */ = {isa = PBXBuildFile; fileRef = A64705E427FC53050036BC23 /* SceneDelegate.swift */; };
		A64705E727FC53050036BC23 /* ViewController.swift in Sources */ = {isa = PBXBuildFile; fileRef = A64705E627FC53050036BC23 /* ViewController.swift */; };
		A64705EC27FC53070036BC23 /* Assets.xcassets in Resources */ = {isa = PBXBuildFile; fileRef = A64705EB27FC53070036BC23 /* Assets.xcassets */; };
		A64705EF27FC53070036BC23 /* LaunchScreen.storyboard in Resources */ = {isa = PBXBuildFile; fileRef = A64705ED27FC53070036BC23 /* LaunchScreen.storyboard */; };
		A64705FA27FC53080036BC23 /* WhatDoYouWantTests.swift in Sources */ = {isa = PBXBuildFile; fileRef = A64705F927FC53080036BC23 /* WhatDoYouWantTests.swift */; };
		A647060427FC53080036BC23 /* WhatDoYouWantUITests.swift in Sources */ = {isa = PBXBuildFile; fileRef = A647060327FC53080036BC23 /* WhatDoYouWantUITests.swift */; };
		A647060627FC53080036BC23 /* WhatDoYouWantUITestsLaunchTests.swift in Sources */ = {isa = PBXBuildFile; fileRef = A647060527FC53080036BC23 /* WhatDoYouWantUITestsLaunchTests.swift */; };
		CDCCDDE43C348C0562D4889D /* Pods_WhatDoYouWant_WhatDoYouWantUITests.framework in Frameworks */ = {isa = PBXBuildFile; fileRef = 4E1C09A77D53F532C7B6C113 /* Pods_WhatDoYouWant_WhatDoYouWantUITests.framework */; };
		EC2DE0D78DC1A0362E3A62E8 /* Pods_WhatDoYouWantTests.framework in Frameworks */ = {isa = PBXBuildFile; fileRef = 5D9F3E91D9E8FC080DC6030A /* Pods_WhatDoYouWantTests.framework */; };
/* End PBXBuildFile section */

/* Begin PBXContainerItemProxy section */
		A64705F627FC53080036BC23 /* PBXContainerItemProxy */ = {
			isa = PBXContainerItemProxy;
			containerPortal = A64705D727FC53050036BC23 /* Project object */;
			proxyType = 1;
			remoteGlobalIDString = A64705DE27FC53050036BC23;
			remoteInfo = WhatDoYouWant;
		};
		A647060027FC53080036BC23 /* PBXContainerItemProxy */ = {
			isa = PBXContainerItemProxy;
			containerPortal = A64705D727FC53050036BC23 /* Project object */;
			proxyType = 1;
			remoteGlobalIDString = A64705DE27FC53050036BC23;
			remoteInfo = WhatDoYouWant;
		};
/* End PBXContainerItemProxy section */

/* Begin PBXFileReference section */
		396D0144FD30B7EB5435075A /* Pods-WhatDoYouWant.release.xcconfig */ = {isa = PBXFileReference; includeInIndex = 1; lastKnownFileType = text.xcconfig; name = "Pods-WhatDoYouWant.release.xcconfig"; path = "Target Support Files/Pods-WhatDoYouWant/Pods-WhatDoYouWant.release.xcconfig"; sourceTree = "<group>"; };
		4E1C09A77D53F532C7B6C113 /* Pods_WhatDoYouWant_WhatDoYouWantUITests.framework */ = {isa = PBXFileReference; explicitFileType = wrapper.framework; includeInIndex = 0; path = Pods_WhatDoYouWant_WhatDoYouWantUITests.framework; sourceTree = BUILT_PRODUCTS_DIR; };
		5D9F3E91D9E8FC080DC6030A /* Pods_WhatDoYouWantTests.framework */ = {isa = PBXFileReference; explicitFileType = wrapper.framework; includeInIndex = 0; path = Pods_WhatDoYouWantTests.framework; sourceTree = BUILT_PRODUCTS_DIR; };
		73695C0CDFA74934627E193D /* Pods-WhatDoYouWantTests.debug.xcconfig */ = {isa = PBXFileReference; includeInIndex = 1; lastKnownFileType = text.xcconfig; name = "Pods-WhatDoYouWantTests.debug.xcconfig"; path = "Target Support Files/Pods-WhatDoYouWantTests/Pods-WhatDoYouWantTests.debug.xcconfig"; sourceTree = "<group>"; };
		A64705DF27FC53050036BC23 /* WhatDoYouWant.app */ = {isa = PBXFileReference; explicitFileType = wrapper.application; includeInIndex = 0; path = WhatDoYouWant.app; sourceTree = BUILT_PRODUCTS_DIR; };
		A64705E227FC53050036BC23 /* AppDelegate.swift */ = {isa = PBXFileReference; lastKnownFileType = sourcecode.swift; path = AppDelegate.swift; sourceTree = "<group>"; };
		A64705E427FC53050036BC23 /* SceneDelegate.swift */ = {isa = PBXFileReference; lastKnownFileType = sourcecode.swift; path = SceneDelegate.swift; sourceTree = "<group>"; };
		A64705E627FC53050036BC23 /* ViewController.swift */ = {isa = PBXFileReference; lastKnownFileType = sourcecode.swift; path = ViewController.swift; sourceTree = "<group>"; };
		A64705EB27FC53070036BC23 /* Assets.xcassets */ = {isa = PBXFileReference; lastKnownFileType = folder.assetcatalog; path = Assets.xcassets; sourceTree = "<group>"; };
		A64705EE27FC53070036BC23 /* Base */ = {isa = PBXFileReference; lastKnownFileType = file.storyboard; name = Base; path = Base.lproj/LaunchScreen.storyboard; sourceTree = "<group>"; };
		A64705F027FC53070036BC23 /* Info.plist */ = {isa = PBXFileReference; lastKnownFileType = text.plist.xml; path = Info.plist; sourceTree = "<group>"; };
		A64705F527FC53080036BC23 /* WhatDoYouWantTests.xctest */ = {isa = PBXFileReference; explicitFileType = wrapper.cfbundle; includeInIndex = 0; path = WhatDoYouWantTests.xctest; sourceTree = BUILT_PRODUCTS_DIR; };
		A64705F927FC53080036BC23 /* WhatDoYouWantTests.swift */ = {isa = PBXFileReference; lastKnownFileType = sourcecode.swift; path = WhatDoYouWantTests.swift; sourceTree = "<group>"; };
		A64705FF27FC53080036BC23 /* WhatDoYouWantUITests.xctest */ = {isa = PBXFileReference; explicitFileType = wrapper.cfbundle; includeInIndex = 0; path = WhatDoYouWantUITests.xctest; sourceTree = BUILT_PRODUCTS_DIR; };
		A647060327FC53080036BC23 /* WhatDoYouWantUITests.swift */ = {isa = PBXFileReference; lastKnownFileType = sourcecode.swift; path = WhatDoYouWantUITests.swift; sourceTree = "<group>"; };
		A647060527FC53080036BC23 /* WhatDoYouWantUITestsLaunchTests.swift */ = {isa = PBXFileReference; lastKnownFileType = sourcecode.swift; path = WhatDoYouWantUITestsLaunchTests.swift; sourceTree = "<group>"; };
		CCBD0FB723D01F05E6AE7116 /* Pods-WhatDoYouWant-WhatDoYouWantUITests.release.xcconfig */ = {isa = PBXFileReference; includeInIndex = 1; lastKnownFileType = text.xcconfig; name = "Pods-WhatDoYouWant-WhatDoYouWantUITests.release.xcconfig"; path = "Target Support Files/Pods-WhatDoYouWant-WhatDoYouWantUITests/Pods-WhatDoYouWant-WhatDoYouWantUITests.release.xcconfig"; sourceTree = "<group>"; };
		D29FA5CC8FDD6CA5DC5C44F3 /* Pods-WhatDoYouWantTests.release.xcconfig */ = {isa = PBXFileReference; includeInIndex = 1; lastKnownFileType = text.xcconfig; name = "Pods-WhatDoYouWantTests.release.xcconfig"; path = "Target Support Files/Pods-WhatDoYouWantTests/Pods-WhatDoYouWantTests.release.xcconfig"; sourceTree = "<group>"; };
		DA5AF0B49C28C60B542A5967 /* Pods-WhatDoYouWant-WhatDoYouWantUITests.debug.xcconfig */ = {isa = PBXFileReference; includeInIndex = 1; lastKnownFileType = text.xcconfig; name = "Pods-WhatDoYouWant-WhatDoYouWantUITests.debug.xcconfig"; path = "Target Support Files/Pods-WhatDoYouWant-WhatDoYouWantUITests/Pods-WhatDoYouWant-WhatDoYouWantUITests.debug.xcconfig"; sourceTree = "<group>"; };
		DE39188FBC02443BAD7CC6ED /* Pods-WhatDoYouWant.debug.xcconfig */ = {isa = PBXFileReference; includeInIndex = 1; lastKnownFileType = text.xcconfig; name = "Pods-WhatDoYouWant.debug.xcconfig"; path = "Target Support Files/Pods-WhatDoYouWant/Pods-WhatDoYouWant.debug.xcconfig"; sourceTree = "<group>"; };
		F13CD2EFE66041CCA1DFE528 /* Pods_WhatDoYouWant.framework */ = {isa = PBXFileReference; explicitFileType = wrapper.framework; includeInIndex = 0; path = Pods_WhatDoYouWant.framework; sourceTree = BUILT_PRODUCTS_DIR; };
/* End PBXFileReference section */

/* Begin PBXFrameworksBuildPhase section */
		A64705DC27FC53050036BC23 /* Frameworks */ = {
			isa = PBXFrameworksBuildPhase;
			buildActionMask = 2147483647;
			files = (
				1EF85C315A4E2A02378BA69B /* Pods_WhatDoYouWant.framework in Frameworks */,
			);
			runOnlyForDeploymentPostprocessing = 0;
		};
		A64705F227FC53080036BC23 /* Frameworks */ = {
			isa = PBXFrameworksBuildPhase;
			buildActionMask = 2147483647;
			files = (
				EC2DE0D78DC1A0362E3A62E8 /* Pods_WhatDoYouWantTests.framework in Frameworks */,
			);
			runOnlyForDeploymentPostprocessing = 0;
		};
		A64705FC27FC53080036BC23 /* Frameworks */ = {
			isa = PBXFrameworksBuildPhase;
			buildActionMask = 2147483647;
			files = (
				CDCCDDE43C348C0562D4889D /* Pods_WhatDoYouWant_WhatDoYouWantUITests.framework in Frameworks */,
			);
			runOnlyForDeploymentPostprocessing = 0;
		};
/* End PBXFrameworksBuildPhase section */

/* Begin PBXGroup section */
		3AFD3DF8D008C4D4FC835486 /* Frameworks */ = {
			isa = PBXGroup;
			children = (
				F13CD2EFE66041CCA1DFE528 /* Pods_WhatDoYouWant.framework */,
				4E1C09A77D53F532C7B6C113 /* Pods_WhatDoYouWant_WhatDoYouWantUITests.framework */,
				5D9F3E91D9E8FC080DC6030A /* Pods_WhatDoYouWantTests.framework */,
			);
			name = Frameworks;
			sourceTree = "<group>";
		};
		A64705D627FC53050036BC23 = {
			isa = PBXGroup;
			children = (
				A64705E127FC53050036BC23 /* WhatDoYouWant */,
				A64705F827FC53080036BC23 /* WhatDoYouWantTests */,
				A647060227FC53080036BC23 /* WhatDoYouWantUITests */,
				A64705E027FC53050036BC23 /* Products */,
				E60BE2FA4C0A34A2C0E418C7 /* Pods */,
				3AFD3DF8D008C4D4FC835486 /* Frameworks */,
			);
			sourceTree = "<group>";
		};
		A64705E027FC53050036BC23 /* Products */ = {
			isa = PBXGroup;
			children = (
				A64705DF27FC53050036BC23 /* WhatDoYouWant.app */,
				A64705F527FC53080036BC23 /* WhatDoYouWantTests.xctest */,
				A64705FF27FC53080036BC23 /* WhatDoYouWantUITests.xctest */,
			);
			name = Products;
			sourceTree = "<group>";
		};
		A64705E127FC53050036BC23 /* WhatDoYouWant */ = {
			isa = PBXGroup;
			children = (
				A64705E227FC53050036BC23 /* AppDelegate.swift */,
				A64705E427FC53050036BC23 /* SceneDelegate.swift */,
				A64705E627FC53050036BC23 /* ViewController.swift */,
				A64705EB27FC53070036BC23 /* Assets.xcassets */,
				A64705ED27FC53070036BC23 /* LaunchScreen.storyboard */,
				A64705F027FC53070036BC23 /* Info.plist */,
			);
			path = WhatDoYouWant;
			sourceTree = "<group>";
		};
		A64705F827FC53080036BC23 /* WhatDoYouWantTests */ = {
			isa = PBXGroup;
			children = (
				A64705F927FC53080036BC23 /* WhatDoYouWantTests.swift */,
			);
			path = WhatDoYouWantTests;
			sourceTree = "<group>";
		};
		A647060227FC53080036BC23 /* WhatDoYouWantUITests */ = {
			isa = PBXGroup;
			children = (
				A647060327FC53080036BC23 /* WhatDoYouWantUITests.swift */,
				A647060527FC53080036BC23 /* WhatDoYouWantUITestsLaunchTests.swift */,
			);
			path = WhatDoYouWantUITests;
			sourceTree = "<group>";
		};
		E60BE2FA4C0A34A2C0E418C7 /* Pods */ = {
			isa = PBXGroup;
			children = (
				DE39188FBC02443BAD7CC6ED /* Pods-WhatDoYouWant.debug.xcconfig */,
				396D0144FD30B7EB5435075A /* Pods-WhatDoYouWant.release.xcconfig */,
				DA5AF0B49C28C60B542A5967 /* Pods-WhatDoYouWant-WhatDoYouWantUITests.debug.xcconfig */,
				CCBD0FB723D01F05E6AE7116 /* Pods-WhatDoYouWant-WhatDoYouWantUITests.release.xcconfig */,
				73695C0CDFA74934627E193D /* Pods-WhatDoYouWantTests.debug.xcconfig */,
				D29FA5CC8FDD6CA5DC5C44F3 /* Pods-WhatDoYouWantTests.release.xcconfig */,
			);
			path = Pods;
			sourceTree = "<group>";
		};
/* End PBXGroup section */

/* Begin PBXNativeTarget section */
		A64705DE27FC53050036BC23 /* WhatDoYouWant */ = {
			isa = PBXNativeTarget;
			buildConfigurationList = A647060927FC53080036BC23 /* Build configuration list for PBXNativeTarget "WhatDoYouWant" */;
			buildPhases = (
				171287D43036EFB02046411D /* [CP] Check Pods Manifest.lock */,
				A64705DB27FC53050036BC23 /* Sources */,
				A64705DC27FC53050036BC23 /* Frameworks */,
				A64705DD27FC53050036BC23 /* Resources */,
				930866D1B19103404EC8BA5D /* [CP] Embed Pods Frameworks */,
			);
			buildRules = (
			);
			dependencies = (
			);
			name = WhatDoYouWant;
			productName = WhatDoYouWant;
			productReference = A64705DF27FC53050036BC23 /* WhatDoYouWant.app */;
			productType = "com.apple.product-type.application";
		};
		A64705F427FC53080036BC23 /* WhatDoYouWantTests */ = {
			isa = PBXNativeTarget;
			buildConfigurationList = A647060C27FC53080036BC23 /* Build configuration list for PBXNativeTarget "WhatDoYouWantTests" */;
			buildPhases = (
				39100D213530B9A39BDB685A /* [CP] Check Pods Manifest.lock */,
				A64705F127FC53080036BC23 /* Sources */,
				A64705F227FC53080036BC23 /* Frameworks */,
				A64705F327FC53080036BC23 /* Resources */,
			);
			buildRules = (
			);
			dependencies = (
				A64705F727FC53080036BC23 /* PBXTargetDependency */,
			);
			name = WhatDoYouWantTests;
			productName = WhatDoYouWantTests;
			productReference = A64705F527FC53080036BC23 /* WhatDoYouWantTests.xctest */;
			productType = "com.apple.product-type.bundle.unit-test";
		};
		A64705FE27FC53080036BC23 /* WhatDoYouWantUITests */ = {
			isa = PBXNativeTarget;
			buildConfigurationList = A647060F27FC53080036BC23 /* Build configuration list for PBXNativeTarget "WhatDoYouWantUITests" */;
			buildPhases = (
				F89B401FC3316224C7CEBA85 /* [CP] Check Pods Manifest.lock */,
				A64705FB27FC53080036BC23 /* Sources */,
				A64705FC27FC53080036BC23 /* Frameworks */,
				A64705FD27FC53080036BC23 /* Resources */,
				250105BFB1C83EA6DDF73EB9 /* [CP] Embed Pods Frameworks */,
			);
			buildRules = (
			);
			dependencies = (
				A647060127FC53080036BC23 /* PBXTargetDependency */,
			);
			name = WhatDoYouWantUITests;
			productName = WhatDoYouWantUITests;
			productReference = A64705FF27FC53080036BC23 /* WhatDoYouWantUITests.xctest */;
			productType = "com.apple.product-type.bundle.ui-testing";
		};
/* End PBXNativeTarget section */

/* Begin PBXProject section */
		A64705D727FC53050036BC23 /* Project object */ = {
			isa = PBXProject;
			attributes = {
				BuildIndependentTargetsInParallel = 1;
				LastSwiftUpdateCheck = 1330;
				LastUpgradeCheck = 1330;
				TargetAttributes = {
					A64705DE27FC53050036BC23 = {
						CreatedOnToolsVersion = 13.3;
					};
					A64705F427FC53080036BC23 = {
						CreatedOnToolsVersion = 13.3;
						TestTargetID = A64705DE27FC53050036BC23;
					};
					A64705FE27FC53080036BC23 = {
						CreatedOnToolsVersion = 13.3;
						TestTargetID = A64705DE27FC53050036BC23;
					};
				};
			};
			buildConfigurationList = A64705DA27FC53050036BC23 /* Build configuration list for PBXProject "WhatDoYouWant" */;
			compatibilityVersion = "Xcode 13.0";
			developmentRegion = en;
			hasScannedForEncodings = 0;
			knownRegions = (
				en,
				Base,
			);
			mainGroup = A64705D627FC53050036BC23;
			productRefGroup = A64705E027FC53050036BC23 /* Products */;
			projectDirPath = "";
			projectRoot = "";
			targets = (
				A64705DE27FC53050036BC23 /* WhatDoYouWant */,
				A64705F427FC53080036BC23 /* WhatDoYouWantTests */,
				A64705FE27FC53080036BC23 /* WhatDoYouWantUITests */,
			);
		};
/* End PBXProject section */

/* Begin PBXResourcesBuildPhase section */
		A64705DD27FC53050036BC23 /* Resources */ = {
			isa = PBXResourcesBuildPhase;
			buildActionMask = 2147483647;
			files = (
				A64705EF27FC53070036BC23 /* LaunchScreen.storyboard in Resources */,
				A64705EC27FC53070036BC23 /* Assets.xcassets in Resources */,
			);
			runOnlyForDeploymentPostprocessing = 0;
		};
		A64705F327FC53080036BC23 /* Resources */ = {
			isa = PBXResourcesBuildPhase;
			buildActionMask = 2147483647;
			files = (
			);
			runOnlyForDeploymentPostprocessing = 0;
		};
		A64705FD27FC53080036BC23 /* Resources */ = {
			isa = PBXResourcesBuildPhase;
			buildActionMask = 2147483647;
			files = (
			);
			runOnlyForDeploymentPostprocessing = 0;
		};
/* End PBXResourcesBuildPhase section */

/* Begin PBXShellScriptBuildPhase section */
		171287D43036EFB02046411D /* [CP] Check Pods Manifest.lock */ = {
			isa = PBXShellScriptBuildPhase;
			buildActionMask = 2147483647;
			files = (
			);
			inputFileListPaths = (
			);
			inputPaths = (
				"${PODS_PODFILE_DIR_PATH}/Podfile.lock",
				"${PODS_ROOT}/Manifest.lock",
			);
			name = "[CP] Check Pods Manifest.lock";
			outputFileListPaths = (
			);
			outputPaths = (
				"$(DERIVED_FILE_DIR)/Pods-WhatDoYouWant-checkManifestLockResult.txt",
			);
			runOnlyForDeploymentPostprocessing = 0;
			shellPath = /bin/sh;
			shellScript = "diff \"${PODS_PODFILE_DIR_PATH}/Podfile.lock\" \"${PODS_ROOT}/Manifest.lock\" > /dev/null\nif [ $? != 0 ] ; then\n    # print error to STDERR\n    echo \"error: The sandbox is not in sync with the Podfile.lock. Run 'pod install' or update your CocoaPods installation.\" >&2\n    exit 1\nfi\n# This output is used by Xcode 'outputs' to avoid re-running this script phase.\necho \"SUCCESS\" > \"${SCRIPT_OUTPUT_FILE_0}\"\n";
			showEnvVarsInLog = 0;
		};
		250105BFB1C83EA6DDF73EB9 /* [CP] Embed Pods Frameworks */ = {
			isa = PBXShellScriptBuildPhase;
			buildActionMask = 2147483647;
			files = (
			);
			inputFileListPaths = (
				"${PODS_ROOT}/Target Support Files/Pods-WhatDoYouWant-WhatDoYouWantUITests/Pods-WhatDoYouWant-WhatDoYouWantUITests-frameworks-${CONFIGURATION}-input-files.xcfilelist",
			);
			name = "[CP] Embed Pods Frameworks";
			outputFileListPaths = (
				"${PODS_ROOT}/Target Support Files/Pods-WhatDoYouWant-WhatDoYouWantUITests/Pods-WhatDoYouWant-WhatDoYouWantUITests-frameworks-${CONFIGURATION}-output-files.xcfilelist",
			);
			runOnlyForDeploymentPostprocessing = 0;
			shellPath = /bin/sh;
			shellScript = "\"${PODS_ROOT}/Target Support Files/Pods-WhatDoYouWant-WhatDoYouWantUITests/Pods-WhatDoYouWant-WhatDoYouWantUITests-frameworks.sh\"\n";
			showEnvVarsInLog = 0;
		};
		39100D213530B9A39BDB685A /* [CP] Check Pods Manifest.lock */ = {
			isa = PBXShellScriptBuildPhase;
			buildActionMask = 2147483647;
			files = (
			);
			inputFileListPaths = (
			);
			inputPaths = (
				"${PODS_PODFILE_DIR_PATH}/Podfile.lock",
				"${PODS_ROOT}/Manifest.lock",
			);
			name = "[CP] Check Pods Manifest.lock";
			outputFileListPaths = (
			);
			outputPaths = (
				"$(DERIVED_FILE_DIR)/Pods-WhatDoYouWantTests-checkManifestLockResult.txt",
			);
			runOnlyForDeploymentPostprocessing = 0;
			shellPath = /bin/sh;
			shellScript = "diff \"${PODS_PODFILE_DIR_PATH}/Podfile.lock\" \"${PODS_ROOT}/Manifest.lock\" > /dev/null\nif [ $? != 0 ] ; then\n    # print error to STDERR\n    echo \"error: The sandbox is not in sync with the Podfile.lock. Run 'pod install' or update your CocoaPods installation.\" >&2\n    exit 1\nfi\n# This output is used by Xcode 'outputs' to avoid re-running this script phase.\necho \"SUCCESS\" > \"${SCRIPT_OUTPUT_FILE_0}\"\n";
			showEnvVarsInLog = 0;
		};
		930866D1B19103404EC8BA5D /* [CP] Embed Pods Frameworks */ = {
			isa = PBXShellScriptBuildPhase;
			buildActionMask = 2147483647;
			files = (
			);
			inputFileListPaths = (
				"${PODS_ROOT}/Target Support Files/Pods-WhatDoYouWant/Pods-WhatDoYouWant-frameworks-${CONFIGURATION}-input-files.xcfilelist",
			);
			name = "[CP] Embed Pods Frameworks";
			outputFileListPaths = (
				"${PODS_ROOT}/Target Support Files/Pods-WhatDoYouWant/Pods-WhatDoYouWant-frameworks-${CONFIGURATION}-output-files.xcfilelist",
			);
			runOnlyForDeploymentPostprocessing = 0;
			shellPath = /bin/sh;
			shellScript = "\"${PODS_ROOT}/Target Support Files/Pods-WhatDoYouWant/Pods-WhatDoYouWant-frameworks.sh\"\n";
			showEnvVarsInLog = 0;
		};
		F89B401FC3316224C7CEBA85 /* [CP] Check Pods Manifest.lock */ = {
			isa = PBXShellScriptBuildPhase;
			buildActionMask = 2147483647;
			files = (
			);
			inputFileListPaths = (
			);
			inputPaths = (
				"${PODS_PODFILE_DIR_PATH}/Podfile.lock",
				"${PODS_ROOT}/Manifest.lock",
			);
			name = "[CP] Check Pods Manifest.lock";
			outputFileListPaths = (
			);
			outputPaths = (
				"$(DERIVED_FILE_DIR)/Pods-WhatDoYouWant-WhatDoYouWantUITests-checkManifestLockResult.txt",
			);
			runOnlyForDeploymentPostprocessing = 0;
			shellPath = /bin/sh;
			shellScript = "diff \"${PODS_PODFILE_DIR_PATH}/Podfile.lock\" \"${PODS_ROOT}/Manifest.lock\" > /dev/null\nif [ $? != 0 ] ; then\n    # print error to STDERR\n    echo \"error: The sandbox is not in sync with the Podfile.lock. Run 'pod install' or update your CocoaPods installation.\" >&2\n    exit 1\nfi\n# This output is used by Xcode 'outputs' to avoid re-running this script phase.\necho \"SUCCESS\" > \"${SCRIPT_OUTPUT_FILE_0}\"\n";
			showEnvVarsInLog = 0;
		};
/* End PBXShellScriptBuildPhase section */

/* Begin PBXSourcesBuildPhase section */
		A64705DB27FC53050036BC23 /* Sources */ = {
			isa = PBXSourcesBuildPhase;
			buildActionMask = 2147483647;
			files = (
				A64705E727FC53050036BC23 /* ViewController.swift in Sources */,
				A64705E327FC53050036BC23 /* AppDelegate.swift in Sources */,
				A64705E527FC53050036BC23 /* SceneDelegate.swift in Sources */,
			);
			runOnlyForDeploymentPostprocessing = 0;
		};
		A64705F127FC53080036BC23 /* Sources */ = {
			isa = PBXSourcesBuildPhase;
			buildActionMask = 2147483647;
			files = (
				A64705FA27FC53080036BC23 /* WhatDoYouWantTests.swift in Sources */,
			);
			runOnlyForDeploymentPostprocessing = 0;
		};
		A64705FB27FC53080036BC23 /* Sources */ = {
			isa = PBXSourcesBuildPhase;
			buildActionMask = 2147483647;
			files = (
				A647060427FC53080036BC23 /* WhatDoYouWantUITests.swift in Sources */,
				A647060627FC53080036BC23 /* WhatDoYouWantUITestsLaunchTests.swift in Sources */,
			);
			runOnlyForDeploymentPostprocessing = 0;
		};
/* End PBXSourcesBuildPhase section */

/* Begin PBXTargetDependency section */
		A64705F727FC53080036BC23 /* PBXTargetDependency */ = {
			isa = PBXTargetDependency;
			target = A64705DE27FC53050036BC23 /* WhatDoYouWant */;
			targetProxy = A64705F627FC53080036BC23 /* PBXContainerItemProxy */;
		};
		A647060127FC53080036BC23 /* PBXTargetDependency */ = {
			isa = PBXTargetDependency;
			target = A64705DE27FC53050036BC23 /* WhatDoYouWant */;
			targetProxy = A647060027FC53080036BC23 /* PBXContainerItemProxy */;
		};
/* End PBXTargetDependency section */

/* Begin PBXVariantGroup section */
		A64705ED27FC53070036BC23 /* LaunchScreen.storyboard */ = {
			isa = PBXVariantGroup;
			children = (
				A64705EE27FC53070036BC23 /* Base */,
			);
			name = LaunchScreen.storyboard;
			sourceTree = "<group>";
		};
/* End PBXVariantGroup section */

/* Begin XCBuildConfiguration section */
		A647060727FC53080036BC23 /* Debug */ = {
			isa = XCBuildConfiguration;
			buildSettings = {
				ALWAYS_SEARCH_USER_PATHS = NO;
				CLANG_ANALYZER_NONNULL = YES;
				CLANG_ANALYZER_NUMBER_OBJECT_CONVERSION = YES_AGGRESSIVE;
				CLANG_CXX_LANGUAGE_STANDARD = "gnu++17";
				CLANG_ENABLE_MODULES = YES;
				CLANG_ENABLE_OBJC_ARC = YES;
				CLANG_ENABLE_OBJC_WEAK = YES;
				CLANG_WARN_BLOCK_CAPTURE_AUTORELEASING = YES;
				CLANG_WARN_BOOL_CONVERSION = YES;
				CLANG_WARN_COMMA = YES;
				CLANG_WARN_CONSTANT_CONVERSION = YES;
				CLANG_WARN_DEPRECATED_OBJC_IMPLEMENTATIONS = YES;
				CLANG_WARN_DIRECT_OBJC_ISA_USAGE = YES_ERROR;
				CLANG_WARN_DOCUMENTATION_COMMENTS = YES;
				CLANG_WARN_EMPTY_BODY = YES;
				CLANG_WARN_ENUM_CONVERSION = YES;
				CLANG_WARN_INFINITE_RECURSION = YES;
				CLANG_WARN_INT_CONVERSION = YES;
				CLANG_WARN_NON_LITERAL_NULL_CONVERSION = YES;
				CLANG_WARN_OBJC_IMPLICIT_RETAIN_SELF = YES;
				CLANG_WARN_OBJC_LITERAL_CONVERSION = YES;
				CLANG_WARN_OBJC_ROOT_CLASS = YES_ERROR;
				CLANG_WARN_QUOTED_INCLUDE_IN_FRAMEWORK_HEADER = YES;
				CLANG_WARN_RANGE_LOOP_ANALYSIS = YES;
				CLANG_WARN_STRICT_PROTOTYPES = YES;
				CLANG_WARN_SUSPICIOUS_MOVE = YES;
				CLANG_WARN_UNGUARDED_AVAILABILITY = YES_AGGRESSIVE;
				CLANG_WARN_UNREACHABLE_CODE = YES;
				CLANG_WARN__DUPLICATE_METHOD_MATCH = YES;
				COPY_PHASE_STRIP = NO;
				DEBUG_INFORMATION_FORMAT = dwarf;
				ENABLE_STRICT_OBJC_MSGSEND = YES;
				ENABLE_TESTABILITY = YES;
				GCC_C_LANGUAGE_STANDARD = gnu11;
				GCC_DYNAMIC_NO_PIC = NO;
				GCC_NO_COMMON_BLOCKS = YES;
				GCC_OPTIMIZATION_LEVEL = 0;
				GCC_PREPROCESSOR_DEFINITIONS = (
					"DEBUG=1",
					"$(inherited)",
				);
				GCC_WARN_64_TO_32_BIT_CONVERSION = YES;
				GCC_WARN_ABOUT_RETURN_TYPE = YES_ERROR;
				GCC_WARN_UNDECLARED_SELECTOR = YES;
				GCC_WARN_UNINITIALIZED_AUTOS = YES_AGGRESSIVE;
				GCC_WARN_UNUSED_FUNCTION = YES;
				GCC_WARN_UNUSED_VARIABLE = YES;
				IPHONEOS_DEPLOYMENT_TARGET = 15.4;
				MTL_ENABLE_DEBUG_INFO = INCLUDE_SOURCE;
				MTL_FAST_MATH = YES;
				ONLY_ACTIVE_ARCH = YES;
				SDKROOT = iphoneos;
				SWIFT_ACTIVE_COMPILATION_CONDITIONS = DEBUG;
				SWIFT_OPTIMIZATION_LEVEL = "-Onone";
			};
			name = Debug;
		};
		A647060827FC53080036BC23 /* Release */ = {
			isa = XCBuildConfiguration;
			buildSettings = {
				ALWAYS_SEARCH_USER_PATHS = NO;
				CLANG_ANALYZER_NONNULL = YES;
				CLANG_ANALYZER_NUMBER_OBJECT_CONVERSION = YES_AGGRESSIVE;
				CLANG_CXX_LANGUAGE_STANDARD = "gnu++17";
				CLANG_ENABLE_MODULES = YES;
				CLANG_ENABLE_OBJC_ARC = YES;
				CLANG_ENABLE_OBJC_WEAK = YES;
				CLANG_WARN_BLOCK_CAPTURE_AUTORELEASING = YES;
				CLANG_WARN_BOOL_CONVERSION = YES;
				CLANG_WARN_COMMA = YES;
				CLANG_WARN_CONSTANT_CONVERSION = YES;
				CLANG_WARN_DEPRECATED_OBJC_IMPLEMENTATIONS = YES;
				CLANG_WARN_DIRECT_OBJC_ISA_USAGE = YES_ERROR;
				CLANG_WARN_DOCUMENTATION_COMMENTS = YES;
				CLANG_WARN_EMPTY_BODY = YES;
				CLANG_WARN_ENUM_CONVERSION = YES;
				CLANG_WARN_INFINITE_RECURSION = YES;
				CLANG_WARN_INT_CONVERSION = YES;
				CLANG_WARN_NON_LITERAL_NULL_CONVERSION = YES;
				CLANG_WARN_OBJC_IMPLICIT_RETAIN_SELF = YES;
				CLANG_WARN_OBJC_LITERAL_CONVERSION = YES;
				CLANG_WARN_OBJC_ROOT_CLASS = YES_ERROR;
				CLANG_WARN_QUOTED_INCLUDE_IN_FRAMEWORK_HEADER = YES;
				CLANG_WARN_RANGE_LOOP_ANALYSIS = YES;
				CLANG_WARN_STRICT_PROTOTYPES = YES;
				CLANG_WARN_SUSPICIOUS_MOVE = YES;
				CLANG_WARN_UNGUARDED_AVAILABILITY = YES_AGGRESSIVE;
				CLANG_WARN_UNREACHABLE_CODE = YES;
				CLANG_WARN__DUPLICATE_METHOD_MATCH = YES;
				COPY_PHASE_STRIP = NO;
				DEBUG_INFORMATION_FORMAT = "dwarf-with-dsym";
				ENABLE_NS_ASSERTIONS = NO;
				ENABLE_STRICT_OBJC_MSGSEND = YES;
				GCC_C_LANGUAGE_STANDARD = gnu11;
				GCC_NO_COMMON_BLOCKS = YES;
				GCC_WARN_64_TO_32_BIT_CONVERSION = YES;
				GCC_WARN_ABOUT_RETURN_TYPE = YES_ERROR;
				GCC_WARN_UNDECLARED_SELECTOR = YES;
				GCC_WARN_UNINITIALIZED_AUTOS = YES_AGGRESSIVE;
				GCC_WARN_UNUSED_FUNCTION = YES;
				GCC_WARN_UNUSED_VARIABLE = YES;
				IPHONEOS_DEPLOYMENT_TARGET = 15.4;
				MTL_ENABLE_DEBUG_INFO = NO;
				MTL_FAST_MATH = YES;
				SDKROOT = iphoneos;
				SWIFT_COMPILATION_MODE = wholemodule;
				SWIFT_OPTIMIZATION_LEVEL = "-O";
				VALIDATE_PRODUCT = YES;
			};
			name = Release;
		};
		A647060A27FC53080036BC23 /* Debug */ = {
			isa = XCBuildConfiguration;
			baseConfigurationReference = DE39188FBC02443BAD7CC6ED /* Pods-WhatDoYouWant.debug.xcconfig */;
			buildSettings = {
				ASSETCATALOG_COMPILER_APPICON_NAME = AppIcon;
				ASSETCATALOG_COMPILER_GLOBAL_ACCENT_COLOR_NAME = AccentColor;
				CODE_SIGN_STYLE = Automatic;
				CURRENT_PROJECT_VERSION = 1;
				DEVELOPMENT_TEAM = RL265827ML;
				GENERATE_INFOPLIST_FILE = YES;
				INFOPLIST_FILE = WhatDoYouWant/Info.plist;
				INFOPLIST_KEY_UIApplicationSupportsIndirectInputEvents = YES;
				INFOPLIST_KEY_UILaunchStoryboardName = LaunchScreen;
				INFOPLIST_KEY_UISupportedInterfaceOrientations = UIInterfaceOrientationPortrait;
				INFOPLIST_KEY_UISupportedInterfaceOrientations_iPad = "UIInterfaceOrientationPortrait UIInterfaceOrientationPortraitUpsideDown UIInterfaceOrientationLandscapeLeft UIInterfaceOrientationLandscapeRight";
				INFOPLIST_KEY_UISupportedInterfaceOrientations_iPhone = "UIInterfaceOrientationPortrait UIInterfaceOrientationLandscapeLeft UIInterfaceOrientationLandscapeRight";
				LD_RUNPATH_SEARCH_PATHS = (
					"$(inherited)",
					"@executable_path/Frameworks",
				);
				MARKETING_VERSION = 1.0;
				PRODUCT_BUNDLE_IDENTIFIER = limjs.WhatDoYouWant;
				PRODUCT_NAME = "$(TARGET_NAME)";
				SWIFT_EMIT_LOC_STRINGS = YES;
				SWIFT_VERSION = 5.0;
				TARGETED_DEVICE_FAMILY = 1;
			};
			name = Debug;
		};
		A647060B27FC53080036BC23 /* Release */ = {
			isa = XCBuildConfiguration;
			baseConfigurationReference = 396D0144FD30B7EB5435075A /* Pods-WhatDoYouWant.release.xcconfig */;
			buildSettings = {
				ASSETCATALOG_COMPILER_APPICON_NAME = AppIcon;
				ASSETCATALOG_COMPILER_GLOBAL_ACCENT_COLOR_NAME = AccentColor;
				CODE_SIGN_STYLE = Automatic;
				CURRENT_PROJECT_VERSION = 1;
				DEVELOPMENT_TEAM = RL265827ML;
				GENERATE_INFOPLIST_FILE = YES;
				INFOPLIST_FILE = WhatDoYouWant/Info.plist;
				INFOPLIST_KEY_UIApplicationSupportsIndirectInputEvents = YES;
				INFOPLIST_KEY_UILaunchStoryboardName = LaunchScreen;
				INFOPLIST_KEY_UISupportedInterfaceOrientations = UIInterfaceOrientationPortrait;
				INFOPLIST_KEY_UISupportedInterfaceOrientations_iPad = "UIInterfaceOrientationPortrait UIInterfaceOrientationPortraitUpsideDown UIInterfaceOrientationLandscapeLeft UIInterfaceOrientationLandscapeRight";
				INFOPLIST_KEY_UISupportedInterfaceOrientations_iPhone = "UIInterfaceOrientationPortrait UIInterfaceOrientationLandscapeLeft UIInterfaceOrientationLandscapeRight";
				LD_RUNPATH_SEARCH_PATHS = (
					"$(inherited)",
					"@executable_path/Frameworks",
				);
				MARKETING_VERSION = 1.0;
				PRODUCT_BUNDLE_IDENTIFIER = limjs.WhatDoYouWant;
				PRODUCT_NAME = "$(TARGET_NAME)";
				SWIFT_EMIT_LOC_STRINGS = YES;
				SWIFT_VERSION = 5.0;
				TARGETED_DEVICE_FAMILY = 1;
			};
			name = Release;
		};
		A647060D27FC53080036BC23 /* Debug */ = {
			isa = XCBuildConfiguration;
			baseConfigurationReference = 73695C0CDFA74934627E193D /* Pods-WhatDoYouWantTests.debug.xcconfig */;
			buildSettings = {
				ALWAYS_EMBED_SWIFT_STANDARD_LIBRARIES = YES;
				BUNDLE_LOADER = "$(TEST_HOST)";
				CODE_SIGN_STYLE = Automatic;
				CURRENT_PROJECT_VERSION = 1;
				DEVELOPMENT_TEAM = RL265827ML;
				GENERATE_INFOPLIST_FILE = YES;
				IPHONEOS_DEPLOYMENT_TARGET = 15.4;
				MARKETING_VERSION = 1.0;
				PRODUCT_BUNDLE_IDENTIFIER = limjs.WhatDoYouWantTests;
				PRODUCT_NAME = "$(TARGET_NAME)";
				SWIFT_EMIT_LOC_STRINGS = NO;
				SWIFT_VERSION = 5.0;
				TARGETED_DEVICE_FAMILY = "1,2";
				TEST_HOST = "$(BUILT_PRODUCTS_DIR)/WhatDoYouWant.app/WhatDoYouWant";
			};
			name = Debug;
		};
		A647060E27FC53080036BC23 /* Release */ = {
			isa = XCBuildConfiguration;
			baseConfigurationReference = D29FA5CC8FDD6CA5DC5C44F3 /* Pods-WhatDoYouWantTests.release.xcconfig */;
			buildSettings = {
				ALWAYS_EMBED_SWIFT_STANDARD_LIBRARIES = YES;
				BUNDLE_LOADER = "$(TEST_HOST)";
				CODE_SIGN_STYLE = Automatic;
				CURRENT_PROJECT_VERSION = 1;
				DEVELOPMENT_TEAM = RL265827ML;
				GENERATE_INFOPLIST_FILE = YES;
				IPHONEOS_DEPLOYMENT_TARGET = 15.4;
				MARKETING_VERSION = 1.0;
				PRODUCT_BUNDLE_IDENTIFIER = limjs.WhatDoYouWantTests;
				PRODUCT_NAME = "$(TARGET_NAME)";
				SWIFT_EMIT_LOC_STRINGS = NO;
				SWIFT_VERSION = 5.0;
				TARGETED_DEVICE_FAMILY = "1,2";
				TEST_HOST = "$(BUILT_PRODUCTS_DIR)/WhatDoYouWant.app/WhatDoYouWant";
			};
			name = Release;
		};
		A647061027FC53080036BC23 /* Debug */ = {
			isa = XCBuildConfiguration;
			baseConfigurationReference = DA5AF0B49C28C60B542A5967 /* Pods-WhatDoYouWant-WhatDoYouWantUITests.debug.xcconfig */;
			buildSettings = {
				ALWAYS_EMBED_SWIFT_STANDARD_LIBRARIES = YES;
				CODE_SIGN_STYLE = Automatic;
				CURRENT_PROJECT_VERSION = 1;
				DEVELOPMENT_TEAM = RL265827ML;
				GENERATE_INFOPLIST_FILE = YES;
				MARKETING_VERSION = 1.0;
				PRODUCT_BUNDLE_IDENTIFIER = limjs.WhatDoYouWantUITests;
				PRODUCT_NAME = "$(TARGET_NAME)";
				SWIFT_EMIT_LOC_STRINGS = NO;
				SWIFT_VERSION = 5.0;
				TARGETED_DEVICE_FAMILY = "1,2";
				TEST_TARGET_NAME = WhatDoYouWant;
			};
			name = Debug;
		};
		A647061127FC53080036BC23 /* Release */ = {
			isa = XCBuildConfiguration;
			baseConfigurationReference = CCBD0FB723D01F05E6AE7116 /* Pods-WhatDoYouWant-WhatDoYouWantUITests.release.xcconfig */;
			buildSettings = {
				ALWAYS_EMBED_SWIFT_STANDARD_LIBRARIES = YES;
				CODE_SIGN_STYLE = Automatic;
				CURRENT_PROJECT_VERSION = 1;
				DEVELOPMENT_TEAM = RL265827ML;
				GENERATE_INFOPLIST_FILE = YES;
				MARKETING_VERSION = 1.0;
				PRODUCT_BUNDLE_IDENTIFIER = limjs.WhatDoYouWantUITests;
				PRODUCT_NAME = "$(TARGET_NAME)";
				SWIFT_EMIT_LOC_STRINGS = NO;
				SWIFT_VERSION = 5.0;
				TARGETED_DEVICE_FAMILY = "1,2";
				TEST_TARGET_NAME = WhatDoYouWant;
			};
			name = Release;
		};
/* End XCBuildConfiguration section */

/* Begin XCConfigurationList section */
		A64705DA27FC53050036BC23 /* Build configuration list for PBXProject "WhatDoYouWant" */ = {
			isa = XCConfigurationList;
			buildConfigurations = (
				A647060727FC53080036BC23 /* Debug */,
				A647060827FC53080036BC23 /* Release */,
			);
			defaultConfigurationIsVisible = 0;
			defaultConfigurationName = Release;
		};
		A647060927FC53080036BC23 /* Build configuration list for PBXNativeTarget "WhatDoYouWant" */ = {
			isa = XCConfigurationList;
			buildConfigurations = (
				A647060A27FC53080036BC23 /* Debug */,
				A647060B27FC53080036BC23 /* Release */,
			);
			defaultConfigurationIsVisible = 0;
			defaultConfigurationName = Release;
		};
		A647060C27FC53080036BC23 /* Build configuration list for PBXNativeTarget "WhatDoYouWantTests" */ = {
			isa = XCConfigurationList;
			buildConfigurations = (
				A647060D27FC53080036BC23 /* Debug */,
				A647060E27FC53080036BC23 /* Release */,
			);
			defaultConfigurationIsVisible = 0;
			defaultConfigurationName = Release;
		};
		A647060F27FC53080036BC23 /* Build configuration list for PBXNativeTarget "WhatDoYouWantUITests" */ = {
			isa = XCConfigurationList;
			buildConfigurations = (
				A647061027FC53080036BC23 /* Debug */,
				A647061127FC53080036BC23 /* Release */,
			);
			defaultConfigurationIsVisible = 0;
			defaultConfigurationName = Release;
		};
/* End XCConfigurationList section */
	};
	rootObject = A64705D727FC53050036BC23 /* Project object */;
}
